// !$*UTF8*$!
{
	archiveVersion = 1;
	classes = {
	};
	objectVersion = 50;
	objects = {

/* Begin PBXBuildFile section */
		7C98E1DF2456357600363F94 /* AppDelegate.swift in Sources */ = {isa = PBXBuildFile; fileRef = 7C98E1DE2456357600363F94 /* AppDelegate.swift */; };
		7C98E1E12456357600363F94 /* SceneDelegate.swift in Sources */ = {isa = PBXBuildFile; fileRef = 7C98E1E02456357600363F94 /* SceneDelegate.swift */; };
		7C98E1E32456357600363F94 /* ViewController.swift in Sources */ = {isa = PBXBuildFile; fileRef = 7C98E1E22456357600363F94 /* ViewController.swift */; };
		7C98E1E62456357600363F94 /* Main.storyboard in Resources */ = {isa = PBXBuildFile; fileRef = 7C98E1E42456357600363F94 /* Main.storyboard */; };
		7C98E1E82456357A00363F94 /* Assets.xcassets in Resources */ = {isa = PBXBuildFile; fileRef = 7C98E1E72456357A00363F94 /* Assets.xcassets */; };
		7C98E1EB2456357A00363F94 /* LaunchScreen.storyboard in Resources */ = {isa = PBXBuildFile; fileRef = 7C98E1E92456357A00363F94 /* LaunchScreen.storyboard */; };
		7C98E1F62456357A00363F94 /* GannimedeTests.swift in Sources */ = {isa = PBXBuildFile; fileRef = 7C98E1F52456357A00363F94 /* GannimedeTests.swift */; };
		7C98E2012456357A00363F94 /* GannimedeUITests.swift in Sources */ = {isa = PBXBuildFile; fileRef = 7C98E2002456357A00363F94 /* GannimedeUITests.swift */; };
/* End PBXBuildFile section */

/* Begin PBXContainerItemProxy section */
		7C98E1F22456357A00363F94 /* PBXContainerItemProxy */ = {
			isa = PBXContainerItemProxy;
			containerPortal = 7C98E1D32456357600363F94 /* Project object */;
			proxyType = 1;
			remoteGlobalIDString = 7C98E1DA2456357600363F94;
			remoteInfo = Gannimede;
		};
		7C98E1FD2456357A00363F94 /* PBXContainerItemProxy */ = {
			isa = PBXContainerItemProxy;
			containerPortal = 7C98E1D32456357600363F94 /* Project object */;
			proxyType = 1;
			remoteGlobalIDString = 7C98E1DA2456357600363F94;
			remoteInfo = Gannimede;
		};
/* End PBXContainerItemProxy section */

/* Begin PBXFileReference section */
		7C98E1DB2456357600363F94 /* Gannimede.app */ = {isa = PBXFileReference; explicitFileType = wrapper.application; includeInIndex = 0; path = Gannimede.app; sourceTree = BUILT_PRODUCTS_DIR; };
		7C98E1DE2456357600363F94 /* AppDelegate.swift */ = {isa = PBXFileReference; lastKnownFileType = sourcecode.swift; path = AppDelegate.swift; sourceTree = "<group>"; };
		7C98E1E02456357600363F94 /* SceneDelegate.swift */ = {isa = PBXFileReference; lastKnownFileType = sourcecode.swift; path = SceneDelegate.swift; sourceTree = "<group>"; };
		7C98E1E22456357600363F94 /* ViewController.swift */ = {isa = PBXFileReference; lastKnownFileType = sourcecode.swift; path = ViewController.swift; sourceTree = "<group>"; };
		7C98E1E52456357600363F94 /* Base */ = {isa = PBXFileReference; lastKnownFileType = file.storyboard; name = Base; path = Base.lproj/Main.storyboard; sourceTree = "<group>"; };
		7C98E1E72456357A00363F94 /* Assets.xcassets */ = {isa = PBXFileReference; lastKnownFileType = folder.assetcatalog; path = Assets.xcassets; sourceTree = "<group>"; };
		7C98E1EA2456357A00363F94 /* Base */ = {isa = PBXFileReference; lastKnownFileType = file.storyboard; name = Base; path = Base.lproj/LaunchScreen.storyboard; sourceTree = "<group>"; };
		7C98E1EC2456357A00363F94 /* Info.plist */ = {isa = PBXFileReference; lastKnownFileType = text.plist.xml; path = Info.plist; sourceTree = "<group>"; };
		7C98E1F12456357A00363F94 /* GannimedeTests.xctest */ = {isa = PBXFileReference; explicitFileType = wrapper.cfbundle; includeInIndex = 0; path = GannimedeTests.xctest; sourceTree = BUILT_PRODUCTS_DIR; };
		7C98E1F52456357A00363F94 /* GannimedeTests.swift */ = {isa = PBXFileReference; lastKnownFileType = sourcecode.swift; path = GannimedeTests.swift; sourceTree = "<group>"; };
		7C98E1F72456357A00363F94 /* Info.plist */ = {isa = PBXFileReference; lastKnownFileType = text.plist.xml; path = Info.plist; sourceTree = "<group>"; };
		7C98E1FC2456357A00363F94 /* GannimedeUITests.xctest */ = {isa = PBXFileReference; explicitFileType = wrapper.cfbundle; includeInIndex = 0; path = GannimedeUITests.xctest; sourceTree = BUILT_PRODUCTS_DIR; };
		7C98E2002456357A00363F94 /* GannimedeUITests.swift */ = {isa = PBXFileReference; lastKnownFileType = sourcecode.swift; path = GannimedeUITests.swift; sourceTree = "<group>"; };
		7C98E2022456357A00363F94 /* Info.plist */ = {isa = PBXFileReference; lastKnownFileType = text.plist.xml; path = Info.plist; sourceTree = "<group>"; };
/* End PBXFileReference section */

/* Begin PBXFrameworksBuildPhase section */
		7C98E1D82456357600363F94 /* Frameworks */ = {
			isa = PBXFrameworksBuildPhase;
			buildActionMask = 2147483647;
			files = (
			);
			runOnlyForDeploymentPostprocessing = 0;
		};
		7C98E1EE2456357A00363F94 /* Frameworks */ = {
			isa = PBXFrameworksBuildPhase;
			buildActionMask = 2147483647;
			files = (
			);
			runOnlyForDeploymentPostprocessing = 0;
		};
		7C98E1F92456357A00363F94 /* Frameworks */ = {
			isa = PBXFrameworksBuildPhase;
			buildActionMask = 2147483647;
			files = (
			);
			runOnlyForDeploymentPostprocessing = 0;
		};
/* End PBXFrameworksBuildPhase section */

/* Begin PBXGroup section */
		7C98E1D22456357600363F94 = {
			isa = PBXGroup;
			children = (
				7C98E1DD2456357600363F94 /* Gannimede */,
				7C98E1F42456357A00363F94 /* GannimedeTests */,
				7C98E1FF2456357A00363F94 /* GannimedeUITests */,
				7C98E1DC2456357600363F94 /* Products */,
			);
			sourceTree = "<group>";
		};
		7C98E1DC2456357600363F94 /* Products */ = {
			isa = PBXGroup;
			children = (
				7C98E1DB2456357600363F94 /* Gannimede.app */,
				7C98E1F12456357A00363F94 /* GannimedeTests.xctest */,
				7C98E1FC2456357A00363F94 /* GannimedeUITests.xctest */,
			);
			name = Products;
			sourceTree = "<group>";
		};
		7C98E1DD2456357600363F94 /* Gannimede */ = {
			isa = PBXGroup;
			children = (
				7C98E1DE2456357600363F94 /* AppDelegate.swift */,
				7C98E1E02456357600363F94 /* SceneDelegate.swift */,
				7C98E1E22456357600363F94 /* ViewController.swift */,
				7C98E1E42456357600363F94 /* Main.storyboard */,
				7C98E1E72456357A00363F94 /* Assets.xcassets */,
				7C98E1E92456357A00363F94 /* LaunchScreen.storyboard */,
				7C98E1EC2456357A00363F94 /* Info.plist */,
			);
			path = Gannimede;
			sourceTree = "<group>";
		};
		7C98E1F42456357A00363F94 /* GannimedeTests */ = {
			isa = PBXGroup;
			children = (
				7C98E1F52456357A00363F94 /* GannimedeTests.swift */,
				7C98E1F72456357A00363F94 /* Info.plist */,
			);
			path = GannimedeTests;
			sourceTree = "<group>";
		};
		7C98E1FF2456357A00363F94 /* GannimedeUITests */ = {
			isa = PBXGroup;
			children = (
				7C98E2002456357A00363F94 /* GannimedeUITests.swift */,
				7C98E2022456357A00363F94 /* Info.plist */,
			);
			path = GannimedeUITests;
			sourceTree = "<group>";
		};
/* End PBXGroup section */

/* Begin PBXNativeTarget section */
		7C98E1DA2456357600363F94 /* Gannimede */ = {
			isa = PBXNativeTarget;
			buildConfigurationList = 7C98E2052456357A00363F94 /* Build configuration list for PBXNativeTarget "Gannimede" */;
			buildPhases = (
				7C98E1D72456357600363F94 /* Sources */,
				7C98E1D82456357600363F94 /* Frameworks */,
				7C98E1D92456357600363F94 /* Resources */,
			);
			buildRules = (
			);
			dependencies = (
			);
			name = Gannimede;
			productName = Gannimede;
			productReference = 7C98E1DB2456357600363F94 /* Gannimede.app */;
			productType = "com.apple.product-type.application";
		};
		7C98E1F02456357A00363F94 /* GannimedeTests */ = {
			isa = PBXNativeTarget;
			buildConfigurationList = 7C98E2082456357A00363F94 /* Build configuration list for PBXNativeTarget "GannimedeTests" */;
			buildPhases = (
				7C98E1ED2456357A00363F94 /* Sources */,
				7C98E1EE2456357A00363F94 /* Frameworks */,
				7C98E1EF2456357A00363F94 /* Resources */,
			);
			buildRules = (
			);
			dependencies = (
				7C98E1F32456357A00363F94 /* PBXTargetDependency */,
			);
			name = GannimedeTests;
			productName = GannimedeTests;
			productReference = 7C98E1F12456357A00363F94 /* GannimedeTests.xctest */;
			productType = "com.apple.product-type.bundle.unit-test";
		};
		7C98E1FB2456357A00363F94 /* GannimedeUITests */ = {
			isa = PBXNativeTarget;
			buildConfigurationList = 7C98E20B2456357A00363F94 /* Build configuration list for PBXNativeTarget "GannimedeUITests" */;
			buildPhases = (
				7C98E1F82456357A00363F94 /* Sources */,
				7C98E1F92456357A00363F94 /* Frameworks */,
				7C98E1FA2456357A00363F94 /* Resources */,
			);
			buildRules = (
			);
			dependencies = (
				7C98E1FE2456357A00363F94 /* PBXTargetDependency */,
			);
			name = GannimedeUITests;
			productName = GannimedeUITests;
			productReference = 7C98E1FC2456357A00363F94 /* GannimedeUITests.xctest */;
			productType = "com.apple.product-type.bundle.ui-testing";
		};
/* End PBXNativeTarget section */

/* Begin PBXProject section */
		7C98E1D32456357600363F94 /* Project object */ = {
			isa = PBXProject;
			attributes = {
				LastSwiftUpdateCheck = 1140;
				LastUpgradeCheck = 1140;
				ORGANIZATIONNAME = "Oleg Gnashuk";
				TargetAttributes = {
					7C98E1DA2456357600363F94 = {
						CreatedOnToolsVersion = 11.4.1;
					};
					7C98E1F02456357A00363F94 = {
						CreatedOnToolsVersion = 11.4.1;
						TestTargetID = 7C98E1DA2456357600363F94;
					};
					7C98E1FB2456357A00363F94 = {
						CreatedOnToolsVersion = 11.4.1;
						TestTargetID = 7C98E1DA2456357600363F94;
					};
				};
			};
			buildConfigurationList = 7C98E1D62456357600363F94 /* Build configuration list for PBXProject "Gannimede" */;
			compatibilityVersion = "Xcode 9.3";
			developmentRegion = en;
			hasScannedForEncodings = 0;
			knownRegions = (
				en,
				Base,
			);
			mainGroup = 7C98E1D22456357600363F94;
			productRefGroup = 7C98E1DC2456357600363F94 /* Products */;
			projectDirPath = "";
			projectRoot = "";
			targets = (
				7C98E1DA2456357600363F94 /* Gannimede */,
				7C98E1F02456357A00363F94 /* GannimedeTests */,
				7C98E1FB2456357A00363F94 /* GannimedeUITests */,
			);
		};
/* End PBXProject section */

/* Begin PBXResourcesBuildPhase section */
		7C98E1D92456357600363F94 /* Resources */ = {
			isa = PBXResourcesBuildPhase;
			buildActionMask = 2147483647;
			files = (
				7C98E1EB2456357A00363F94 /* LaunchScreen.storyboard in Resources */,
				7C98E1E82456357A00363F94 /* Assets.xcassets in Resources */,
				7C98E1E62456357600363F94 /* Main.storyboard in Resources */,
			);
			runOnlyForDeploymentPostprocessing = 0;
		};
		7C98E1EF2456357A00363F94 /* Resources */ = {
			isa = PBXResourcesBuildPhase;
			buildActionMask = 2147483647;
			files = (
			);
			runOnlyForDeploymentPostprocessing = 0;
		};
		7C98E1FA2456357A00363F94 /* Resources */ = {
			isa = PBXResourcesBuildPhase;
			buildActionMask = 2147483647;
			files = (
			);
			runOnlyForDeploymentPostprocessing = 0;
		};
/* End PBXResourcesBuildPhase section */

/* Begin PBXSourcesBuildPhase section */
		7C98E1D72456357600363F94 /* Sources */ = {
			isa = PBXSourcesBuildPhase;
			buildActionMask = 2147483647;
			files = (
				7C98E1E32456357600363F94 /* ViewController.swift in Sources */,
				7C98E1DF2456357600363F94 /* AppDelegate.swift in Sources */,
				7C98E1E12456357600363F94 /* SceneDelegate.swift in Sources */,
			);
			runOnlyForDeploymentPostprocessing = 0;
		};
		7C98E1ED2456357A00363F94 /* Sources */ = {
			isa = PBXSourcesBuildPhase;
			buildActionMask = 2147483647;
			files = (
				7C98E1F62456357A00363F94 /* GannimedeTests.swift in Sources */,
			);
			runOnlyForDeploymentPostprocessing = 0;
		};
		7C98E1F82456357A00363F94 /* Sources */ = {
			isa = PBXSourcesBuildPhase;
			buildActionMask = 2147483647;
			files = (
				7C98E2012456357A00363F94 /* GannimedeUITests.swift in Sources */,
			);
			runOnlyForDeploymentPostprocessing = 0;
		};
/* End PBXSourcesBuildPhase section */

/* Begin PBXTargetDependency section */
		7C98E1F32456357A00363F94 /* PBXTargetDependency */ = {
			isa = PBXTargetDependency;
			target = 7C98E1DA2456357600363F94 /* Gannimede */;
			targetProxy = 7C98E1F22456357A00363F94 /* PBXContainerItemProxy */;
		};
		7C98E1FE2456357A00363F94 /* PBXTargetDependency */ = {
			isa = PBXTargetDependency;
			target = 7C98E1DA2456357600363F94 /* Gannimede */;
			targetProxy = 7C98E1FD2456357A00363F94 /* PBXContainerItemProxy */;
		};
/* End PBXTargetDependency section */

/* Begin PBXVariantGroup section */
		7C98E1E42456357600363F94 /* Main.storyboard */ = {
			isa = PBXVariantGroup;
			children = (
				7C98E1E52456357600363F94 /* Base */,
			);
			name = Main.storyboard;
			sourceTree = "<group>";
		};
		7C98E1E92456357A00363F94 /* LaunchScreen.storyboard */ = {
			isa = PBXVariantGroup;
			children = (
				7C98E1EA2456357A00363F94 /* Base */,
			);
			name = LaunchScreen.storyboard;
			sourceTree = "<group>";
		};
/* End PBXVariantGroup section */

/* Begin XCBuildConfiguration section */
		7C98E2032456357A00363F94 /* Debug */ = {
			isa = XCBuildConfiguration;
			buildSettings = {
				ALWAYS_SEARCH_USER_PATHS = NO;
				CLANG_ANALYZER_NONNULL = YES;
				CLANG_ANALYZER_NUMBER_OBJECT_CONVERSION = YES_AGGRESSIVE;
				CLANG_CXX_LANGUAGE_STANDARD = "gnu++14";
				CLANG_CXX_LIBRARY = "libc++";
				CLANG_ENABLE_MODULES = YES;
				CLANG_ENABLE_OBJC_ARC = YES;
				CLANG_ENABLE_OBJC_WEAK = YES;
				CLANG_WARN_BLOCK_CAPTURE_AUTORELEASING = YES;
				CLANG_WARN_BOOL_CONVERSION = YES;
				CLANG_WARN_COMMA = YES;
				CLANG_WARN_CONSTANT_CONVERSION = YES;
				CLANG_WARN_DEPRECATED_OBJC_IMPLEMENTATIONS = YES;
				CLANG_WARN_DIRECT_OBJC_ISA_USAGE = YES_ERROR;
				CLANG_WARN_DOCUMENTATION_COMMENTS = YES;
				CLANG_WARN_EMPTY_BODY = YES;
				CLANG_WARN_ENUM_CONVERSION = YES;
				CLANG_WARN_INFINITE_RECURSION = YES;
				CLANG_WARN_INT_CONVERSION = YES;
				CLANG_WARN_NON_LITERAL_NULL_CONVERSION = YES;
				CLANG_WARN_OBJC_IMPLICIT_RETAIN_SELF = YES;
				CLANG_WARN_OBJC_LITERAL_CONVERSION = YES;
				CLANG_WARN_OBJC_ROOT_CLASS = YES_ERROR;
				CLANG_WARN_RANGE_LOOP_ANALYSIS = YES;
				CLANG_WARN_STRICT_PROTOTYPES = YES;
				CLANG_WARN_SUSPICIOUS_MOVE = YES;
				CLANG_WARN_UNGUARDED_AVAILABILITY = YES_AGGRESSIVE;
				CLANG_WARN_UNREACHABLE_CODE = YES;
				CLANG_WARN__DUPLICATE_METHOD_MATCH = YES;
				COPY_PHASE_STRIP = NO;
				DEBUG_INFORMATION_FORMAT = dwarf;
				ENABLE_STRICT_OBJC_MSGSEND = YES;
				ENABLE_TESTABILITY = YES;
				GCC_C_LANGUAGE_STANDARD = gnu11;
				GCC_DYNAMIC_NO_PIC = NO;
				GCC_NO_COMMON_BLOCKS = YES;
				GCC_OPTIMIZATION_LEVEL = 0;
				GCC_PREPROCESSOR_DEFINITIONS = (
					"DEBUG=1",
					"$(inherited)",
				);
				GCC_WARN_64_TO_32_BIT_CONVERSION = YES;
				GCC_WARN_ABOUT_RETURN_TYPE = YES_ERROR;
				GCC_WARN_UNDECLARED_SELECTOR = YES;
				GCC_WARN_UNINITIALIZED_AUTOS = YES_AGGRESSIVE;
				GCC_WARN_UNUSED_FUNCTION = YES;
				GCC_WARN_UNUSED_VARIABLE = YES;
				IPHONEOS_DEPLOYMENT_TARGET = 13.4;
				MTL_ENABLE_DEBUG_INFO = INCLUDE_SOURCE;
				MTL_FAST_MATH = YES;
				ONLY_ACTIVE_ARCH = YES;
				SDKROOT = iphoneos;
				SWIFT_ACTIVE_COMPILATION_CONDITIONS = DEBUG;
				SWIFT_OPTIMIZATION_LEVEL = "-Onone";
			};
			name = Debug;
		};
		7C98E2042456357A00363F94 /* Release */ = {
			isa = XCBuildConfiguration;
			buildSettings = {
				ALWAYS_SEARCH_USER_PATHS = NO;
				CLANG_ANALYZER_NONNULL = YES;
				CLANG_ANALYZER_NUMBER_OBJECT_CONVERSION = YES_AGGRESSIVE;
				CLANG_CXX_LANGUAGE_STANDARD = "gnu++14";
				CLANG_CXX_LIBRARY = "libc++";
				CLANG_ENABLE_MODULES = YES;
				CLANG_ENABLE_OBJC_ARC = YES;
				CLANG_ENABLE_OBJC_WEAK = YES;
				CLANG_WARN_BLOCK_CAPTURE_AUTORELEASING = YES;
				CLANG_WARN_BOOL_CONVERSION = YES;
				CLANG_WARN_COMMA = YES;
				CLANG_WARN_CONSTANT_CONVERSION = YES;
				CLANG_WARN_DEPRECATED_OBJC_IMPLEMENTATIONS = YES;
				CLANG_WARN_DIRECT_OBJC_ISA_USAGE = YES_ERROR;
				CLANG_WARN_DOCUMENTATION_COMMENTS = YES;
				CLANG_WARN_EMPTY_BODY = YES;
				CLANG_WARN_ENUM_CONVERSION = YES;
				CLANG_WARN_INFINITE_RECURSION = YES;
				CLANG_WARN_INT_CONVERSION = YES;
				CLANG_WARN_NON_LITERAL_NULL_CONVERSION = YES;
				CLANG_WARN_OBJC_IMPLICIT_RETAIN_SELF = YES;
				CLANG_WARN_OBJC_LITERAL_CONVERSION = YES;
				CLANG_WARN_OBJC_ROOT_CLASS = YES_ERROR;
				CLANG_WARN_RANGE_LOOP_ANALYSIS = YES;
				CLANG_WARN_STRICT_PROTOTYPES = YES;
				CLANG_WARN_SUSPICIOUS_MOVE = YES;
				CLANG_WARN_UNGUARDED_AVAILABILITY = YES_AGGRESSIVE;
				CLANG_WARN_UNREACHABLE_CODE = YES;
				CLANG_WARN__DUPLICATE_METHOD_MATCH = YES;
				COPY_PHASE_STRIP = NO;
				DEBUG_INFORMATION_FORMAT = "dwarf-with-dsym";
				ENABLE_NS_ASSERTIONS = NO;
				ENABLE_STRICT_OBJC_MSGSEND = YES;
				GCC_C_LANGUAGE_STANDARD = gnu11;
				GCC_NO_COMMON_BLOCKS = YES;
				GCC_WARN_64_TO_32_BIT_CONVERSION = YES;
				GCC_WARN_ABOUT_RETURN_TYPE = YES_ERROR;
				GCC_WARN_UNDECLARED_SELECTOR = YES;
				GCC_WARN_UNINITIALIZED_AUTOS = YES_AGGRESSIVE;
				GCC_WARN_UNUSED_FUNCTION = YES;
				GCC_WARN_UNUSED_VARIABLE = YES;
				IPHONEOS_DEPLOYMENT_TARGET = 13.4;
				MTL_ENABLE_DEBUG_INFO = NO;
				MTL_FAST_MATH = YES;
				SDKROOT = iphoneos;
				SWIFT_COMPILATION_MODE = wholemodule;
				SWIFT_OPTIMIZATION_LEVEL = "-O";
				VALIDATE_PRODUCT = YES;
			};
			name = Release;
		};
		7C98E2062456357A00363F94 /* Debug */ = {
			isa = XCBuildConfiguration;
			buildSettings = {
				ASSETCATALOG_COMPILER_APPICON_NAME = AppIcon;
				CODE_SIGN_STYLE = Automatic;
				DEVELOPMENT_TEAM = NR9LZ3ALZE;
				INFOPLIST_FILE = Gannimede/Info.plist;
				LD_RUNPATH_SEARCH_PATHS = (
					"$(inherited)",
					"@executable_path/Frameworks",
				);
				PRODUCT_BUNDLE_IDENTIFIER = com.oleggnashuk.Gannimede;
				PRODUCT_NAME = "$(TARGET_NAME)";
				SWIFT_VERSION = 5.0;
				TARGETED_DEVICE_FAMILY = "1,2";
			};
			name = Debug;
		};
		7C98E2072456357A00363F94 /* Release */ = {
			isa = XCBuildConfiguration;
			buildSettings = {
				ASSETCATALOG_COMPILER_APPICON_NAME = AppIcon;
				CODE_SIGN_STYLE = Automatic;
				DEVELOPMENT_TEAM = NR9LZ3ALZE;
				INFOPLIST_FILE = Gannimede/Info.plist;
				LD_RUNPATH_SEARCH_PATHS = (
					"$(inherited)",
					"@executable_path/Frameworks",
				);
				PRODUCT_BUNDLE_IDENTIFIER = com.oleggnashuk.Gannimede;
				PRODUCT_NAME = "$(TARGET_NAME)";
				SWIFT_VERSION = 5.0;
				TARGETED_DEVICE_FAMILY = "1,2";
			};
			name = Release;
		};
		7C98E2092456357A00363F94 /* Debug */ = {
			isa = XCBuildConfiguration;
			buildSettings = {
				ALWAYS_EMBED_SWIFT_STANDARD_LIBRARIES = YES;
				BUNDLE_LOADER = "$(TEST_HOST)";
				CODE_SIGN_STYLE = Automatic;
				DEVELOPMENT_TEAM = NR9LZ3ALZE;
				INFOPLIST_FILE = GannimedeTests/Info.plist;
				IPHONEOS_DEPLOYMENT_TARGET = 13.4;
				LD_RUNPATH_SEARCH_PATHS = (
					"$(inherited)",
					"@executable_path/Frameworks",
					"@loader_path/Frameworks",
				);
				PRODUCT_BUNDLE_IDENTIFIER = com.oleggnashuk.GannimedeTests;
				PRODUCT_NAME = "$(TARGET_NAME)";
				SWIFT_VERSION = 5.0;
				TARGETED_DEVICE_FAMILY = "1,2";
				TEST_HOST = "$(BUILT_PRODUCTS_DIR)/Gannimede.app/Gannimede";
			};
			name = Debug;
		};
		7C98E20A2456357A00363F94 /* Release */ = {
			isa = XCBuildConfiguration;
			buildSettings = {
				ALWAYS_EMBED_SWIFT_STANDARD_LIBRARIES = YES;
				BUNDLE_LOADER = "$(TEST_HOST)";
				CODE_SIGN_STYLE = Automatic;
				DEVELOPMENT_TEAM = NR9LZ3ALZE;
				INFOPLIST_FILE = GannimedeTests/Info.plist;
				IPHONEOS_DEPLOYMENT_TARGET = 13.4;
				LD_RUNPATH_SEARCH_PATHS = (
					"$(inherited)",
					"@executable_path/Frameworks",
					"@loader_path/Frameworks",
				);
				PRODUCT_BUNDLE_IDENTIFIER = com.oleggnashuk.GannimedeTests;
				PRODUCT_NAME = "$(TARGET_NAME)";
				SWIFT_VERSION = 5.0;
				TARGETED_DEVICE_FAMILY = "1,2";
				TEST_HOST = "$(BUILT_PRODUCTS_DIR)/Gannimede.app/Gannimede";
			};
			name = Release;
		};
		7C98E20C2456357A00363F94 /* Debug */ = {
			isa = XCBuildConfiguration;
			buildSettings = {
				ALWAYS_EMBED_SWIFT_STANDARD_LIBRARIES = YES;
				CODE_SIGN_STYLE = Automatic;
				DEVELOPMENT_TEAM = NR9LZ3ALZE;
				INFOPLIST_FILE = GannimedeUITests/Info.plist;
				LD_RUNPATH_SEARCH_PATHS = (
					"$(inherited)",
					"@executable_path/Frameworks",
					"@loader_path/Frameworks",
				);
				PRODUCT_BUNDLE_IDENTIFIER = com.oleggnashuk.GannimedeUITests;
				PRODUCT_NAME = "$(TARGET_NAME)";
				SWIFT_VERSION = 5.0;
				TARGETED_DEVICE_FAMILY = "1,2";
				TEST_TARGET_NAME = Gannimede;
			};
			name = Debug;
		};
		7C98E20D2456357A00363F94 /* Release */ = {
			isa = XCBuildConfiguration;
			buildSettings = {
				ALWAYS_EMBED_SWIFT_STANDARD_LIBRARIES = YES;
				CODE_SIGN_STYLE = Automatic;
				DEVELOPMENT_TEAM = NR9LZ3ALZE;
				INFOPLIST_FILE = GannimedeUITests/Info.plist;
				LD_RUNPATH_SEARCH_PATHS = (
					"$(inherited)",
					"@executable_path/Frameworks",
					"@loader_path/Frameworks",
				);
				PRODUCT_BUNDLE_IDENTIFIER = com.oleggnashuk.GannimedeUITests;
				PRODUCT_NAME = "$(TARGET_NAME)";
				SWIFT_VERSION = 5.0;
				TARGETED_DEVICE_FAMILY = "1,2";
				TEST_TARGET_NAME = Gannimede;
			};
			name = Release;
		};
/* End XCBuildConfiguration section */

/* Begin XCConfigurationList section */
		7C98E1D62456357600363F94 /* Build configuration list for PBXProject "Gannimede" */ = {
			isa = XCConfigurationList;
			buildConfigurations = (
				7C98E2032456357A00363F94 /* Debug */,
				7C98E2042456357A00363F94 /* Release */,
			);
			defaultConfigurationIsVisible = 0;
			defaultConfigurationName = Release;
		};
		7C98E2052456357A00363F94 /* Build configuration list for PBXNativeTarget "Gannimede" */ = {
			isa = XCConfigurationList;
			buildConfigurations = (
				7C98E2062456357A00363F94 /* Debug */,
				7C98E2072456357A00363F94 /* Release */,
			);
			defaultConfigurationIsVisible = 0;
			defaultConfigurationName = Release;
		};
		7C98E2082456357A00363F94 /* Build configuration list for PBXNativeTarget "GannimedeTests" */ = {
			isa = XCConfigurationList;
			buildConfigurations = (
				7C98E2092456357A00363F94 /* Debug */,
				7C98E20A2456357A00363F94 /* Release */,
			);
			defaultConfigurationIsVisible = 0;
			defaultConfigurationName = Release;
		};
		7C98E20B2456357A00363F94 /* Build configuration list for PBXNativeTarget "GannimedeUITests" */ = {
			isa = XCConfigurationList;
			buildConfigurations = (
				7C98E20C2456357A00363F94 /* Debug */,
				7C98E20D2456357A00363F94 /* Release */,
			);
			defaultConfigurationIsVisible = 0;
			defaultConfigurationName = Release;
		};
/* End XCConfigurationList section */
	};
	rootObject = 7C98E1D32456357600363F94 /* Project object */;
}
